{
    "requires": true,
    "lockfileVersion": 1,
    "dependencies": {
        "flatpickr": {
            "version": "4.2.2",
            "resolved": "https://registry.npmjs.org/flatpickr/-/flatpickr-4.2.2.tgz",
            "integrity": "sha512-1fxXpBaRnq+p9uhgbmpKW/mcWrqNPVv+2JxuYHCBt8SLyBBvOqp3Xkflc41N05RLSPz6T5Omm7vsVy54TPrjvg=="
        }
    }
}
